// !$*UTF8*$!
{
	archiveVersion = 1;
	classes = {
	};
	objectVersion = 55;
	objects = {

/* Begin PBXBuildFile section */
		A2CD42869F8C404E2AD5DF1D /* Pods_MyPlaces.framework in Frameworks */ = {isa = PBXBuildFile; fileRef = 58AEAFCE59C5FEFFE59FB688 /* Pods_MyPlaces.framework */; };
		E54B1C582708A6F7007CF8BB /* MainRatingControll.swift in Sources */ = {isa = PBXBuildFile; fileRef = E54B1C572708A6F7007CF8BB /* MainRatingControll.swift */; };
		E5740F8F27051B4500DCE9DB /* StorageManager.swift in Sources */ = {isa = PBXBuildFile; fileRef = E5740F8E27051B4500DCE9DB /* StorageManager.swift */; };
		E58BD0512708783F00C417FB /* RatingControll.swift in Sources */ = {isa = PBXBuildFile; fileRef = E58BD0502708783F00C417FB /* RatingControll.swift */; };
		E5A6F86F2708CF6800502B26 /* MapViewController.swift in Sources */ = {isa = PBXBuildFile; fileRef = E5A6F86E2708CF6800502B26 /* MapViewController.swift */; };
		E5AFC9BE27032B59001C380D /* AppDelegate.swift in Sources */ = {isa = PBXBuildFile; fileRef = E5AFC9BD27032B59001C380D /* AppDelegate.swift */; };
		E5AFC9C027032B59001C380D /* SceneDelegate.swift in Sources */ = {isa = PBXBuildFile; fileRef = E5AFC9BF27032B59001C380D /* SceneDelegate.swift */; };
		E5AFC9C527032B59001C380D /* Main.storyboard in Resources */ = {isa = PBXBuildFile; fileRef = E5AFC9C327032B59001C380D /* Main.storyboard */; };
		E5AFC9C727032B5B001C380D /* Assets.xcassets in Resources */ = {isa = PBXBuildFile; fileRef = E5AFC9C627032B5B001C380D /* Assets.xcassets */; };
		E5AFC9CA27032B5B001C380D /* LaunchScreen.storyboard in Resources */ = {isa = PBXBuildFile; fileRef = E5AFC9C827032B5B001C380D /* LaunchScreen.storyboard */; };
		E5AFC9D227032C5F001C380D /* MainViewController.swift in Sources */ = {isa = PBXBuildFile; fileRef = E5AFC9D127032C5F001C380D /* MainViewController.swift */; };
		E5AFC9D427032ED5001C380D /* .gitignore in Resources */ = {isa = PBXBuildFile; fileRef = E5AFC9D327032ED5001C380D /* .gitignore */; };
		E5E8EAE127036A7200F7DDF7 /* CustomTableViewCell.swift in Sources */ = {isa = PBXBuildFile; fileRef = E5E8EAE027036A7200F7DDF7 /* CustomTableViewCell.swift */; };
		E5E8EAE32703733800F7DDF7 /* ModelPlaces.swift in Sources */ = {isa = PBXBuildFile; fileRef = E5E8EAE22703733700F7DDF7 /* ModelPlaces.swift */; };
		E5E8EAE527038FE300F7DDF7 /* NewPlaceTableViewController.swift in Sources */ = {isa = PBXBuildFile; fileRef = E5E8EAE427038FE300F7DDF7 /* NewPlaceTableViewController.swift */; };
/* End PBXBuildFile section */

/* Begin PBXFileReference section */
		4659467DE21E218B4DC602CF /* Pods-MyPlaces.release.xcconfig */ = {isa = PBXFileReference; includeInIndex = 1; lastKnownFileType = text.xcconfig; name = "Pods-MyPlaces.release.xcconfig"; path = "Target Support Files/Pods-MyPlaces/Pods-MyPlaces.release.xcconfig"; sourceTree = "<group>"; };
		58AEAFCE59C5FEFFE59FB688 /* Pods_MyPlaces.framework */ = {isa = PBXFileReference; explicitFileType = wrapper.framework; includeInIndex = 0; path = Pods_MyPlaces.framework; sourceTree = BUILT_PRODUCTS_DIR; };
		E54B1C572708A6F7007CF8BB /* MainRatingControll.swift */ = {isa = PBXFileReference; lastKnownFileType = sourcecode.swift; path = MainRatingControll.swift; sourceTree = "<group>"; };
		E5740F8E27051B4500DCE9DB /* StorageManager.swift */ = {isa = PBXFileReference; lastKnownFileType = sourcecode.swift; path = StorageManager.swift; sourceTree = "<group>"; };
		E58BD0502708783F00C417FB /* RatingControll.swift */ = {isa = PBXFileReference; lastKnownFileType = sourcecode.swift; path = RatingControll.swift; sourceTree = "<group>"; };
		E5A6F86E2708CF6800502B26 /* MapViewController.swift */ = {isa = PBXFileReference; lastKnownFileType = sourcecode.swift; path = MapViewController.swift; sourceTree = "<group>"; };
		E5AFC9BA27032B59001C380D /* MyPlaces.app */ = {isa = PBXFileReference; explicitFileType = wrapper.application; includeInIndex = 0; path = MyPlaces.app; sourceTree = BUILT_PRODUCTS_DIR; };
		E5AFC9BD27032B59001C380D /* AppDelegate.swift */ = {isa = PBXFileReference; lastKnownFileType = sourcecode.swift; path = AppDelegate.swift; sourceTree = "<group>"; };
		E5AFC9BF27032B59001C380D /* SceneDelegate.swift */ = {isa = PBXFileReference; lastKnownFileType = sourcecode.swift; path = SceneDelegate.swift; sourceTree = "<group>"; };
		E5AFC9C427032B59001C380D /* Base */ = {isa = PBXFileReference; lastKnownFileType = file.storyboard; name = Base; path = Base.lproj/Main.storyboard; sourceTree = "<group>"; };
		E5AFC9C627032B5B001C380D /* Assets.xcassets */ = {isa = PBXFileReference; lastKnownFileType = folder.assetcatalog; path = Assets.xcassets; sourceTree = "<group>"; };
		E5AFC9C927032B5B001C380D /* Base */ = {isa = PBXFileReference; lastKnownFileType = file.storyboard; name = Base; path = Base.lproj/LaunchScreen.storyboard; sourceTree = "<group>"; };
		E5AFC9CB27032B5B001C380D /* Info.plist */ = {isa = PBXFileReference; lastKnownFileType = text.plist.xml; path = Info.plist; sourceTree = "<group>"; };
		E5AFC9D127032C5F001C380D /* MainViewController.swift */ = {isa = PBXFileReference; lastKnownFileType = sourcecode.swift; path = MainViewController.swift; sourceTree = "<group>"; };
		E5AFC9D327032ED5001C380D /* .gitignore */ = {isa = PBXFileReference; lastKnownFileType = text; path = .gitignore; sourceTree = "<group>"; };
		E5E8EAE027036A7200F7DDF7 /* CustomTableViewCell.swift */ = {isa = PBXFileReference; lastKnownFileType = sourcecode.swift; path = CustomTableViewCell.swift; sourceTree = "<group>"; };
		E5E8EAE22703733700F7DDF7 /* ModelPlaces.swift */ = {isa = PBXFileReference; lastKnownFileType = sourcecode.swift; path = ModelPlaces.swift; sourceTree = "<group>"; };
		E5E8EAE427038FE300F7DDF7 /* NewPlaceTableViewController.swift */ = {isa = PBXFileReference; lastKnownFileType = sourcecode.swift; path = NewPlaceTableViewController.swift; sourceTree = "<group>"; };
		E72D154163B6AFFE29739824 /* Pods-MyPlaces.debug.xcconfig */ = {isa = PBXFileReference; includeInIndex = 1; lastKnownFileType = text.xcconfig; name = "Pods-MyPlaces.debug.xcconfig"; path = "Target Support Files/Pods-MyPlaces/Pods-MyPlaces.debug.xcconfig"; sourceTree = "<group>"; };
/* End PBXFileReference section */

/* Begin PBXFrameworksBuildPhase section */
		E5AFC9B727032B59001C380D /* Frameworks */ = {
			isa = PBXFrameworksBuildPhase;
			buildActionMask = 2147483647;
			files = (
				A2CD42869F8C404E2AD5DF1D /* Pods_MyPlaces.framework in Frameworks */,
			);
			runOnlyForDeploymentPostprocessing = 0;
		};
/* End PBXFrameworksBuildPhase section */

/* Begin PBXGroup section */
		71795D293D0B88BC54AE847E /* Frameworks */ = {
			isa = PBXGroup;
			children = (
				58AEAFCE59C5FEFFE59FB688 /* Pods_MyPlaces.framework */,
			);
			name = Frameworks;
			sourceTree = "<group>";
		};
		E5AFC9B127032B59001C380D = {
			isa = PBXGroup;
			children = (
				E5AFC9BC27032B59001C380D /* MyPlaces */,
				E5AFC9BB27032B59001C380D /* Products */,
				FEA767DEF19C00F385EA7509 /* Pods */,
				71795D293D0B88BC54AE847E /* Frameworks */,
			);
			sourceTree = "<group>";
		};
		E5AFC9BB27032B59001C380D /* Products */ = {
			isa = PBXGroup;
			children = (
				E5AFC9BA27032B59001C380D /* MyPlaces.app */,
			);
			name = Products;
			sourceTree = "<group>";
		};
		E5AFC9BC27032B59001C380D /* MyPlaces */ = {
			isa = PBXGroup;
			children = (
				E5AFC9BD27032B59001C380D /* AppDelegate.swift */,
				E5AFC9BF27032B59001C380D /* SceneDelegate.swift */,
				E5AFC9C327032B59001C380D /* Main.storyboard */,
				E5E8EAE427038FE300F7DDF7 /* NewPlaceTableViewController.swift */,
				E5A6F86E2708CF6800502B26 /* MapViewController.swift */,
				E5AFC9D127032C5F001C380D /* MainViewController.swift */,
				E54B1C572708A6F7007CF8BB /* MainRatingControll.swift */,
				E58BD0502708783F00C417FB /* RatingControll.swift */,
				E5E8EAE027036A7200F7DDF7 /* CustomTableViewCell.swift */,
				E5E8EAE22703733700F7DDF7 /* ModelPlaces.swift */,
				E5740F8E27051B4500DCE9DB /* StorageManager.swift */,
				E5AFC9D327032ED5001C380D /* .gitignore */,
				E5AFC9C627032B5B001C380D /* Assets.xcassets */,
				E5AFC9C827032B5B001C380D /* LaunchScreen.storyboard */,
				E5AFC9CB27032B5B001C380D /* Info.plist */,
			);
			path = MyPlaces;
			sourceTree = "<group>";
		};
		FEA767DEF19C00F385EA7509 /* Pods */ = {
			isa = PBXGroup;
			children = (
				E72D154163B6AFFE29739824 /* Pods-MyPlaces.debug.xcconfig */,
				4659467DE21E218B4DC602CF /* Pods-MyPlaces.release.xcconfig */,
			);
			path = Pods;
			sourceTree = "<group>";
		};
/* End PBXGroup section */

/* Begin PBXNativeTarget section */
		E5AFC9B927032B59001C380D /* MyPlaces */ = {
			isa = PBXNativeTarget;
			buildConfigurationList = E5AFC9CE27032B5B001C380D /* Build configuration list for PBXNativeTarget "MyPlaces" */;
			buildPhases = (
				949AF6BCF1A6D21878D9EC8E /* [CP] Check Pods Manifest.lock */,
				E5AFC9B627032B59001C380D /* Sources */,
				E5AFC9B727032B59001C380D /* Frameworks */,
				E5AFC9B827032B59001C380D /* Resources */,
				75A2C7564D200456E87B16D8 /* [CP] Embed Pods Frameworks */,
			);
			buildRules = (
			);
			dependencies = (
			);
			name = MyPlaces;
			productName = MyPlaces;
			productReference = E5AFC9BA27032B59001C380D /* MyPlaces.app */;
			productType = "com.apple.product-type.application";
		};
/* End PBXNativeTarget section */

/* Begin PBXProject section */
		E5AFC9B227032B59001C380D /* Project object */ = {
			isa = PBXProject;
			attributes = {
				BuildIndependentTargetsInParallel = 1;
				LastSwiftUpdateCheck = 1300;
				LastUpgradeCheck = 1300;
				TargetAttributes = {
					E5AFC9B927032B59001C380D = {
						CreatedOnToolsVersion = 13.0;
					};
				};
			};
			buildConfigurationList = E5AFC9B527032B59001C380D /* Build configuration list for PBXProject "MyPlaces" */;
			compatibilityVersion = "Xcode 13.0";
			developmentRegion = en;
			hasScannedForEncodings = 0;
			knownRegions = (
				en,
				Base,
			);
			mainGroup = E5AFC9B127032B59001C380D;
			productRefGroup = E5AFC9BB27032B59001C380D /* Products */;
			projectDirPath = "";
			projectRoot = "";
			targets = (
				E5AFC9B927032B59001C380D /* MyPlaces */,
			);
		};
/* End PBXProject section */

/* Begin PBXResourcesBuildPhase section */
		E5AFC9B827032B59001C380D /* Resources */ = {
			isa = PBXResourcesBuildPhase;
			buildActionMask = 2147483647;
			files = (
				E5AFC9D427032ED5001C380D /* .gitignore in Resources */,
				E5AFC9CA27032B5B001C380D /* LaunchScreen.storyboard in Resources */,
				E5AFC9C727032B5B001C380D /* Assets.xcassets in Resources */,
				E5AFC9C527032B59001C380D /* Main.storyboard in Resources */,
			);
			runOnlyForDeploymentPostprocessing = 0;
		};
/* End PBXResourcesBuildPhase section */

/* Begin PBXShellScriptBuildPhase section */
		75A2C7564D200456E87B16D8 /* [CP] Embed Pods Frameworks */ = {
			isa = PBXShellScriptBuildPhase;
			buildActionMask = 2147483647;
			files = (
			);
			inputFileListPaths = (
				"${PODS_ROOT}/Target Support Files/Pods-MyPlaces/Pods-MyPlaces-frameworks-${CONFIGURATION}-input-files.xcfilelist",
			);
			name = "[CP] Embed Pods Frameworks";
			outputFileListPaths = (
				"${PODS_ROOT}/Target Support Files/Pods-MyPlaces/Pods-MyPlaces-frameworks-${CONFIGURATION}-output-files.xcfilelist",
			);
			runOnlyForDeploymentPostprocessing = 0;
			shellPath = /bin/sh;
			shellScript = "\"${PODS_ROOT}/Target Support Files/Pods-MyPlaces/Pods-MyPlaces-frameworks.sh\"\n";
			showEnvVarsInLog = 0;
		};
		949AF6BCF1A6D21878D9EC8E /* [CP] Check Pods Manifest.lock */ = {
			isa = PBXShellScriptBuildPhase;
			buildActionMask = 2147483647;
			files = (
			);
			inputFileListPaths = (
			);
			inputPaths = (
				"${PODS_PODFILE_DIR_PATH}/Podfile.lock",
				"${PODS_ROOT}/Manifest.lock",
			);
			name = "[CP] Check Pods Manifest.lock";
			outputFileListPaths = (
			);
			outputPaths = (
				"$(DERIVED_FILE_DIR)/Pods-MyPlaces-checkManifestLockResult.txt",
			);
			runOnlyForDeploymentPostprocessing = 0;
			shellPath = /bin/sh;
			shellScript = "diff \"${PODS_PODFILE_DIR_PATH}/Podfile.lock\" \"${PODS_ROOT}/Manifest.lock\" > /dev/null\nif [ $? != 0 ] ; then\n    # print error to STDERR\n    echo \"error: The sandbox is not in sync with the Podfile.lock. Run 'pod install' or update your CocoaPods installation.\" >&2\n    exit 1\nfi\n# This output is used by Xcode 'outputs' to avoid re-running this script phase.\necho \"SUCCESS\" > \"${SCRIPT_OUTPUT_FILE_0}\"\n";
			showEnvVarsInLog = 0;
		};
/* End PBXShellScriptBuildPhase section */

/* Begin PBXSourcesBuildPhase section */
		E5AFC9B627032B59001C380D /* Sources */ = {
			isa = PBXSourcesBuildPhase;
			buildActionMask = 2147483647;
			files = (
				E54B1C582708A6F7007CF8BB /* MainRatingControll.swift in Sources */,
				E5E8EAE527038FE300F7DDF7 /* NewPlaceTableViewController.swift in Sources */,
				E58BD0512708783F00C417FB /* RatingControll.swift in Sources */,
				E5A6F86F2708CF6800502B26 /* MapViewController.swift in Sources */,
				E5AFC9D227032C5F001C380D /* MainViewController.swift in Sources */,
				E5AFC9BE27032B59001C380D /* AppDelegate.swift in Sources */,
				E5740F8F27051B4500DCE9DB /* StorageManager.swift in Sources */,
				E5E8EAE32703733800F7DDF7 /* ModelPlaces.swift in Sources */,
				E5E8EAE127036A7200F7DDF7 /* CustomTableViewCell.swift in Sources */,
				E5AFC9C027032B59001C380D /* SceneDelegate.swift in Sources */,
			);
			runOnlyForDeploymentPostprocessing = 0;
		};
/* End PBXSourcesBuildPhase section */

/* Begin PBXVariantGroup section */
		E5AFC9C327032B59001C380D /* Main.storyboard */ = {
			isa = PBXVariantGroup;
			children = (
				E5AFC9C427032B59001C380D /* Base */,
			);
			name = Main.storyboard;
			sourceTree = "<group>";
		};
		E5AFC9C827032B5B001C380D /* LaunchScreen.storyboard */ = {
			isa = PBXVariantGroup;
			children = (
				E5AFC9C927032B5B001C380D /* Base */,
			);
			name = LaunchScreen.storyboard;
			sourceTree = "<group>";
		};
/* End PBXVariantGroup section */

/* Begin XCBuildConfiguration section */
		E5AFC9CC27032B5B001C380D /* Debug */ = {
			isa = XCBuildConfiguration;
			buildSettings = {
				ALWAYS_SEARCH_USER_PATHS = NO;
				CLANG_ANALYZER_NONNULL = YES;
				CLANG_ANALYZER_NUMBER_OBJECT_CONVERSION = YES_AGGRESSIVE;
				CLANG_CXX_LANGUAGE_STANDARD = "gnu++17";
				CLANG_CXX_LIBRARY = "libc++";
				CLANG_ENABLE_MODULES = YES;
				CLANG_ENABLE_OBJC_ARC = YES;
				CLANG_ENABLE_OBJC_WEAK = YES;
				CLANG_WARN_BLOCK_CAPTURE_AUTORELEASING = YES;
				CLANG_WARN_BOOL_CONVERSION = YES;
				CLANG_WARN_COMMA = YES;
				CLANG_WARN_CONSTANT_CONVERSION = YES;
				CLANG_WARN_DEPRECATED_OBJC_IMPLEMENTATIONS = YES;
				CLANG_WARN_DIRECT_OBJC_ISA_USAGE = YES_ERROR;
				CLANG_WARN_DOCUMENTATION_COMMENTS = YES;
				CLANG_WARN_EMPTY_BODY = YES;
				CLANG_WARN_ENUM_CONVERSION = YES;
				CLANG_WARN_INFINITE_RECURSION = YES;
				CLANG_WARN_INT_CONVERSION = YES;
				CLANG_WARN_NON_LITERAL_NULL_CONVERSION = YES;
				CLANG_WARN_OBJC_IMPLICIT_RETAIN_SELF = YES;
				CLANG_WARN_OBJC_LITERAL_CONVERSION = YES;
				CLANG_WARN_OBJC_ROOT_CLASS = YES_ERROR;
				CLANG_WARN_QUOTED_INCLUDE_IN_FRAMEWORK_HEADER = YES;
				CLANG_WARN_RANGE_LOOP_ANALYSIS = YES;
				CLANG_WARN_STRICT_PROTOTYPES = YES;
				CLANG_WARN_SUSPICIOUS_MOVE = YES;
				CLANG_WARN_UNGUARDED_AVAILABILITY = YES_AGGRESSIVE;
				CLANG_WARN_UNREACHABLE_CODE = YES;
				CLANG_WARN__DUPLICATE_METHOD_MATCH = YES;
				COPY_PHASE_STRIP = NO;
				DEBUG_INFORMATION_FORMAT = dwarf;
				ENABLE_STRICT_OBJC_MSGSEND = YES;
				ENABLE_TESTABILITY = YES;
				GCC_C_LANGUAGE_STANDARD = gnu11;
				GCC_DYNAMIC_NO_PIC = NO;
				GCC_NO_COMMON_BLOCKS = YES;
				GCC_OPTIMIZATION_LEVEL = 0;
				GCC_PREPROCESSOR_DEFINITIONS = (
					"DEBUG=1",
					"$(inherited)",
				);
				GCC_WARN_64_TO_32_BIT_CONVERSION = YES;
				GCC_WARN_ABOUT_RETURN_TYPE = YES_ERROR;
				GCC_WARN_UNDECLARED_SELECTOR = YES;
				GCC_WARN_UNINITIALIZED_AUTOS = YES_AGGRESSIVE;
				GCC_WARN_UNUSED_FUNCTION = YES;
				GCC_WARN_UNUSED_VARIABLE = YES;
				IPHONEOS_DEPLOYMENT_TARGET = 15.0;
				MTL_ENABLE_DEBUG_INFO = INCLUDE_SOURCE;
				MTL_FAST_MATH = YES;
				ONLY_ACTIVE_ARCH = YES;
				SDKROOT = iphoneos;
				SWIFT_ACTIVE_COMPILATION_CONDITIONS = DEBUG;
				SWIFT_OPTIMIZATION_LEVEL = "-Onone";
			};
			name = Debug;
		};
		E5AFC9CD27032B5B001C380D /* Release */ = {
			isa = XCBuildConfiguration;
			buildSettings = {
				ALWAYS_SEARCH_USER_PATHS = NO;
				CLANG_ANALYZER_NONNULL = YES;
				CLANG_ANALYZER_NUMBER_OBJECT_CONVERSION = YES_AGGRESSIVE;
				CLANG_CXX_LANGUAGE_STANDARD = "gnu++17";
				CLANG_CXX_LIBRARY = "libc++";
				CLANG_ENABLE_MODULES = YES;
				CLANG_ENABLE_OBJC_ARC = YES;
				CLANG_ENABLE_OBJC_WEAK = YES;
				CLANG_WARN_BLOCK_CAPTURE_AUTORELEASING = YES;
				CLANG_WARN_BOOL_CONVERSION = YES;
				CLANG_WARN_COMMA = YES;
				CLANG_WARN_CONSTANT_CONVERSION = YES;
				CLANG_WARN_DEPRECATED_OBJC_IMPLEMENTATIONS = YES;
				CLANG_WARN_DIRECT_OBJC_ISA_USAGE = YES_ERROR;
				CLANG_WARN_DOCUMENTATION_COMMENTS = YES;
				CLANG_WARN_EMPTY_BODY = YES;
				CLANG_WARN_ENUM_CONVERSION = YES;
				CLANG_WARN_INFINITE_RECURSION = YES;
				CLANG_WARN_INT_CONVERSION = YES;
				CLANG_WARN_NON_LITERAL_NULL_CONVERSION = YES;
				CLANG_WARN_OBJC_IMPLICIT_RETAIN_SELF = YES;
				CLANG_WARN_OBJC_LITERAL_CONVERSION = YES;
				CLANG_WARN_OBJC_ROOT_CLASS = YES_ERROR;
				CLANG_WARN_QUOTED_INCLUDE_IN_FRAMEWORK_HEADER = YES;
				CLANG_WARN_RANGE_LOOP_ANALYSIS = YES;
				CLANG_WARN_STRICT_PROTOTYPES = YES;
				CLANG_WARN_SUSPICIOUS_MOVE = YES;
				CLANG_WARN_UNGUARDED_AVAILABILITY = YES_AGGRESSIVE;
				CLANG_WARN_UNREACHABLE_CODE = YES;
				CLANG_WARN__DUPLICATE_METHOD_MATCH = YES;
				COPY_PHASE_STRIP = NO;
				DEBUG_INFORMATION_FORMAT = "dwarf-with-dsym";
				ENABLE_NS_ASSERTIONS = NO;
				ENABLE_STRICT_OBJC_MSGSEND = YES;
				GCC_C_LANGUAGE_STANDARD = gnu11;
				GCC_NO_COMMON_BLOCKS = YES;
				GCC_WARN_64_TO_32_BIT_CONVERSION = YES;
				GCC_WARN_ABOUT_RETURN_TYPE = YES_ERROR;
				GCC_WARN_UNDECLARED_SELECTOR = YES;
				GCC_WARN_UNINITIALIZED_AUTOS = YES_AGGRESSIVE;
				GCC_WARN_UNUSED_FUNCTION = YES;
				GCC_WARN_UNUSED_VARIABLE = YES;
				IPHONEOS_DEPLOYMENT_TARGET = 15.0;
				MTL_ENABLE_DEBUG_INFO = NO;
				MTL_FAST_MATH = YES;
				SDKROOT = iphoneos;
				SWIFT_COMPILATION_MODE = wholemodule;
				SWIFT_OPTIMIZATION_LEVEL = "-O";
				VALIDATE_PRODUCT = YES;
			};
			name = Release;
		};
		E5AFC9CF27032B5B001C380D /* Debug */ = {
			isa = XCBuildConfiguration;
			baseConfigurationReference = E72D154163B6AFFE29739824 /* Pods-MyPlaces.debug.xcconfig */;
			buildSettings = {
				ASSETCATALOG_COMPILER_APPICON_NAME = AppIcon;
				ASSETCATALOG_COMPILER_GLOBAL_ACCENT_COLOR_NAME = AccentColor;
				CODE_SIGN_STYLE = Automatic;
				CURRENT_PROJECT_VERSION = 1;
				DEVELOPMENT_TEAM = 6646H966Z4;
				GENERATE_INFOPLIST_FILE = YES;
				INFOPLIST_FILE = MyPlaces/Info.plist;
				INFOPLIST_KEY_NSCameraUsageDescription = "$(PRODUCT_NAME) photo use";
				INFOPLIST_KEY_UIApplicationSupportsIndirectInputEvents = YES;
				INFOPLIST_KEY_UILaunchStoryboardName = LaunchScreen;
				INFOPLIST_KEY_UIMainStoryboardFile = Main;
				INFOPLIST_KEY_UISupportedInterfaceOrientations_iPad = "UIInterfaceOrientationPortrait UIInterfaceOrientationPortraitUpsideDown UIInterfaceOrientationLandscapeLeft UIInterfaceOrientationLandscapeRight";
				INFOPLIST_KEY_UISupportedInterfaceOrientations_iPhone = "UIInterfaceOrientationPortrait UIInterfaceOrientationLandscapeLeft UIInterfaceOrientationLandscapeRight";
				IPHONEOS_DEPLOYMENT_TARGET = 15.0;
				LD_RUNPATH_SEARCH_PATHS = (
					"$(inherited)",
					"@executable_path/Frameworks",
				);
				MARKETING_VERSION = 1.0;
				PRODUCT_BUNDLE_IDENTIFIER = My.MyPlaces;
				PRODUCT_NAME = "$(TARGET_NAME)";
				SWIFT_EMIT_LOC_STRINGS = YES;
				SWIFT_VERSION = 5.0;
				TARGETED_DEVICE_FAMILY = "1,2";
			};
			name = Debug;
		};
		E5AFC9D027032B5B001C380D /* Release */ = {
			isa = XCBuildConfiguration;
			baseConfigurationReference = 4659467DE21E218B4DC602CF /* Pods-MyPlaces.release.xcconfig */;
			buildSettings = {
				ASSETCATALOG_COMPILER_APPICON_NAME = AppIcon;
				ASSETCATALOG_COMPILER_GLOBAL_ACCENT_COLOR_NAME = AccentColor;
				CODE_SIGN_STYLE = Automatic;
				CURRENT_PROJECT_VERSION = 1;
				DEVELOPMENT_TEAM = 6646H966Z4;
				GENERATE_INFOPLIST_FILE = YES;
				INFOPLIST_FILE = MyPlaces/Info.plist;
				INFOPLIST_KEY_NSCameraUsageDescription = "$(PRODUCT_NAME) photo use";
				INFOPLIST_KEY_UIApplicationSupportsIndirectInputEvents = YES;
				INFOPLIST_KEY_UILaunchStoryboardName = LaunchScreen;
				INFOPLIST_KEY_UIMainStoryboardFile = Main;
				INFOPLIST_KEY_UISupportedInterfaceOrientations_iPad = "UIInterfaceOrientationPortrait UIInterfaceOrientationPortraitUpsideDown UIInterfaceOrientationLandscapeLeft UIInterfaceOrientationLandscapeRight";
				INFOPLIST_KEY_UISupportedInterfaceOrientations_iPhone = "UIInterfaceOrientationPortrait UIInterfaceOrientationLandscapeLeft UIInterfaceOrientationLandscapeRight";
				IPHONEOS_DEPLOYMENT_TARGET = 15.0;
				LD_RUNPATH_SEARCH_PATHS = (
					"$(inherited)",
					"@executable_path/Frameworks",
				);
				MARKETING_VERSION = 1.0;
				PRODUCT_BUNDLE_IDENTIFIER = My.MyPlaces;
				PRODUCT_NAME = "$(TARGET_NAME)";
				SWIFT_EMIT_LOC_STRINGS = YES;
				SWIFT_VERSION = 5.0;
				TARGETED_DEVICE_FAMILY = "1,2";
			};
			name = Release;
		};
/* End XCBuildConfiguration section */

/* Begin XCConfigurationList section */
		E5AFC9B527032B59001C380D /* Build configuration list for PBXProject "MyPlaces" */ = {
			isa = XCConfigurationList;
			buildConfigurations = (
				E5AFC9CC27032B5B001C380D /* Debug */,
				E5AFC9CD27032B5B001C380D /* Release */,
			);
			defaultConfigurationIsVisible = 0;
			defaultConfigurationName = Release;
		};
		E5AFC9CE27032B5B001C380D /* Build configuration list for PBXNativeTarget "MyPlaces" */ = {
			isa = XCConfigurationList;
			buildConfigurations = (
				E5AFC9CF27032B5B001C380D /* Debug */,
				E5AFC9D027032B5B001C380D /* Release */,
			);
			defaultConfigurationIsVisible = 0;
			defaultConfigurationName = Release;
		};
/* End XCConfigurationList section */
	};
	rootObject = E5AFC9B227032B59001C380D /* Project object */;
}
